
Microsoft Visual Studio Solution File, Format Version 12.00
# Visual Studio 2012
Project("{FAE04EC0-301F-11D3-BF4B-00C04F79EFBC}") = "Fibonacci", "Fibonacci\Fibonacci.csproj", "{0014684C-E3BD-4438-9412-DAD10803833E}"
EndProject
Project("{FAE04EC0-301F-11D3-BF4B-00C04F79EFBC}") = "TestNumeroFibonacci", "TestNumeroFibonacci\TestNumeroFibonacci.csproj", "{C1A0B211-BE92-4CF9-AAEC-80ECAD83C518}"
EndProject
Project("{FAE04EC0-301F-11D3-BF4B-00C04F79EFBC}") = "TestNumeros", "TestNumeros\TestNumeros.csproj", "{12DE9FD6-474C-4EED-80F2-5EC3CB2BF4A0}"
EndProject
Global
	GlobalSection(SolutionConfigurationPlatforms) = preSolution
		Debug|Any CPU = Debug|Any CPU
		Release|Any CPU = Release|Any CPU
	EndGlobalSection
	GlobalSection(ProjectConfigurationPlatforms) = postSolution
		{0014684C-E3BD-4438-9412-DAD10803833E}.Debug|Any CPU.ActiveCfg = Debug|Any CPU
		{0014684C-E3BD-4438-9412-DAD10803833E}.Debug|Any CPU.Build.0 = Debug|Any CPU
		{0014684C-E3BD-4438-9412-DAD10803833E}.Release|Any CPU.ActiveCfg = Release|Any CPU
		{0014684C-E3BD-4438-9412-DAD10803833E}.Release|Any CPU.Build.0 = Release|Any CPU
		{C1A0B211-BE92-4CF9-AAEC-80ECAD83C518}.Debug|Any CPU.ActiveCfg = Debug|Any CPU
		{C1A0B211-BE92-4CF9-AAEC-80ECAD83C518}.Debug|Any CPU.Build.0 = Debug|Any CPU
		{C1A0B211-BE92-4CF9-AAEC-80ECAD83C518}.Release|Any CPU.ActiveCfg = Release|Any CPU
		{C1A0B211-BE92-4CF9-AAEC-80ECAD83C518}.Release|Any CPU.Build.0 = Release|Any CPU
		{12DE9FD6-474C-4EED-80F2-5EC3CB2BF4A0}.Debug|Any CPU.ActiveCfg = Debug|Any CPU
		{12DE9FD6-474C-4EED-80F2-5EC3CB2BF4A0}.Debug|Any CPU.Build.0 = Debug|Any CPU
		{12DE9FD6-474C-4EED-80F2-5EC3CB2BF4A0}.Release|Any CPU.ActiveCfg = Release|Any CPU
		{12DE9FD6-474C-4EED-80F2-5EC3CB2BF4A0}.Release|Any CPU.Build.0 = Release|Any CPU
	EndGlobalSection
	GlobalSection(SolutionProperties) = preSolution
		HideSolutionNode = FALSE
	EndGlobalSection
EndGlobal
